{
  "name": "@nxtedition/deepstream.io",
  "version": "4.0.5",
  "lockfileVersion": 1,
  "requires": true,
  "dependencies": {
    "js-base64": {
      "version": "2.1.9",
      "resolved": "https://registry.npmjs.org/js-base64/-/js-base64-2.1.9.tgz",
      "integrity": "sha1-8OgK4DmkvWVLXygfyT8EqRSn/M4="
    },
    "uws": {
      "version": "8.14.0",
      "resolved": "https://registry.npmjs.org/uws/-/uws-8.14.0.tgz",
      "integrity": "sha1-rMFIjRPssj/i+UKn6vsGaB+pFDE="
    },
    "yallist": {
      "version": "3.0.2",
      "resolved": "https://registry.npmjs.org/yallist/-/yallist-3.0.2.tgz",
      "integrity": "sha1-hFK0u36Dx8GI2AQcGoN8dz1ti7k="
    }
  }
}
