# THIS IS AN AUTOGENERATED FILE. DO NOT EDIT THIS FILE DIRECTLY.
# yarn lockfile v1


js-base64@^2.1.9:
  version "2.1.9"
  resolved "https://registry.yarnpkg.com/js-base64/-/js-base64-2.1.9.tgz#f0e80ae039a4bd654b5f281fc93f04a914a7fcce"

randombytes@2.0.3:
  version "2.0.3"
  resolved "https://registry.yarnpkg.com/randombytes/-/randombytes-2.0.3.tgz#674c99760901c3c4112771a31e521dc349cc09ec"

uws@^0.14.5:
  version "0.14.5"
  resolved "https://registry.yarnpkg.com/uws/-/uws-0.14.5.tgz#67aaf33c46b2a587a5f6666d00f7691328f149dc"

xuid@^1.2.0:
  version "1.2.1"
  resolved "https://registry.yarnpkg.com/xuid/-/xuid-1.2.1.tgz#e0ab30f802670e874596e38e782b8edc18faccef"
  dependencies:
    randombytes "2.0.3"

yallist@^3.0.2:
  version "3.0.2"
  resolved "https://registry.yarnpkg.com/yallist/-/yallist-3.0.2.tgz#8452b4bb7e83c7c188d8041c1a837c773d6d8bb9"
