# THIS IS AN AUTOGENERATED FILE. DO NOT EDIT THIS FILE DIRECTLY.
# yarn lockfile v1


js-base64@^2.1.9:
  version "2.1.9"
  resolved "https://registry.yarnpkg.com/js-base64/-/js-base64-2.1.9.tgz#f0e80ae039a4bd654b5f281fc93f04a914a7fcce"

uws@^0.12.0:
  version "0.12.0"
  resolved "https://registry.yarnpkg.com/uws/-/uws-0.12.0.tgz#07163ea6e687d9731e66821107b5fdf1ee644cbd"

yallist@^2.1.0:
  version "2.1.0"
  resolved "https://registry.yarnpkg.com/yallist/-/yallist-2.1.0.tgz#3a0f3b45f42cb60f822c92f69ade2bb88beb1ae0"
